
Microsoft Visual Studio Solution File, Format Version 12.00
# Visual Studio Version 17
VisualStudioVersion = 17.8.34316.72
MinimumVisualStudioVersion = 10.0.40219.1
Project("{9A19103F-16F7-4668-BE54-9A1E7A4F7556}") = "TRA", "TRA\TRA.csproj", "{F4A20B84-E379-498B-BB6C-7B0A296FA7DC}"
	ProjectSection(ProjectDependencies) = postProject
		{1EC25335-6FD2-4689-B569-B6A3E5A7F11B} = {1EC25335-6FD2-4689-B569-B6A3E5A7F11B}
		{6AAD4332-5E2E-48EC-9FED-C49F0B48D108} = {6AAD4332-5E2E-48EC-9FED-C49F0B48D108}
		{EE9BDC82-7255-433F-859B-704DE6C3CB67} = {EE9BDC82-7255-433F-859B-704DE6C3CB67}
	EndProjectSection
EndProject
Project("{9A19103F-16F7-4668-BE54-9A1E7A4F7556}") = "TRA.Data", "TRA.Data\TRA.Data.csproj", "{6AAD4332-5E2E-48EC-9FED-C49F0B48D108}"
	ProjectSection(ProjectDependencies) = postProject
		{5086CBC5-6679-45F3-BDEC-49A9A0205DDD} = {5086CBC5-6679-45F3-BDEC-49A9A0205DDD}
	EndProjectSection
EndProject
Project("{9A19103F-16F7-4668-BE54-9A1E7A4F7556}") = "TRA.Entities", "TRA.Entities\TRA.Entities.csproj", "{5086CBC5-6679-45F3-BDEC-49A9A0205DDD}"
	ProjectSection(ProjectDependencies) = postProject
		{EE9BDC82-7255-433F-859B-704DE6C3CB67} = {EE9BDC82-7255-433F-859B-704DE6C3CB67}
	EndProjectSection
EndProject
Project("{9A19103F-16F7-4668-BE54-9A1E7A4F7556}") = "TRA.Services", "TRA.Services\TRA.Services.csproj", "{1EC25335-6FD2-4689-B569-B6A3E5A7F11B}"
	ProjectSection(ProjectDependencies) = postProject
		{5086CBC5-6679-45F3-BDEC-49A9A0205DDD} = {5086CBC5-6679-45F3-BDEC-49A9A0205DDD}
		{6AAD4332-5E2E-48EC-9FED-C49F0B48D108} = {6AAD4332-5E2E-48EC-9FED-C49F0B48D108}
		{EE9BDC82-7255-433F-859B-704DE6C3CB67} = {EE9BDC82-7255-433F-859B-704DE6C3CB67}
	EndProjectSection
EndProject
Project("{9A19103F-16F7-4668-BE54-9A1E7A4F7556}") = "TRA.Shared", "TRA.Shared\TRA.Shared.csproj", "{EE9BDC82-7255-433F-859B-704DE6C3CB67}"
EndProject
Global
	GlobalSection(SolutionConfigurationPlatforms) = preSolution
		Debug|Any CPU = Debug|Any CPU
		Release|Any CPU = Release|Any CPU
	EndGlobalSection
	GlobalSection(ProjectConfigurationPlatforms) = postSolution
		{F4A20B84-E379-498B-BB6C-7B0A296FA7DC}.Debug|Any CPU.ActiveCfg = Debug|Any CPU
		{F4A20B84-E379-498B-BB6C-7B0A296FA7DC}.Debug|Any CPU.Build.0 = Debug|Any CPU
		{F4A20B84-E379-498B-BB6C-7B0A296FA7DC}.Release|Any CPU.ActiveCfg = Release|Any CPU
		{F4A20B84-E379-498B-BB6C-7B0A296FA7DC}.Release|Any CPU.Build.0 = Release|Any CPU
		{6AAD4332-5E2E-48EC-9FED-C49F0B48D108}.Debug|Any CPU.ActiveCfg = Debug|Any CPU
		{6AAD4332-5E2E-48EC-9FED-C49F0B48D108}.Debug|Any CPU.Build.0 = Debug|Any CPU
		{6AAD4332-5E2E-48EC-9FED-C49F0B48D108}.Release|Any CPU.ActiveCfg = Release|Any CPU
		{6AAD4332-5E2E-48EC-9FED-C49F0B48D108}.Release|Any CPU.Build.0 = Release|Any CPU
		{5086CBC5-6679-45F3-BDEC-49A9A0205DDD}.Debug|Any CPU.ActiveCfg = Debug|Any CPU
		{5086CBC5-6679-45F3-BDEC-49A9A0205DDD}.Debug|Any CPU.Build.0 = Debug|Any CPU
		{5086CBC5-6679-45F3-BDEC-49A9A0205DDD}.Release|Any CPU.ActiveCfg = Release|Any CPU
		{5086CBC5-6679-45F3-BDEC-49A9A0205DDD}.Release|Any CPU.Build.0 = Release|Any CPU
		{1EC25335-6FD2-4689-B569-B6A3E5A7F11B}.Debug|Any CPU.ActiveCfg = Debug|Any CPU
		{1EC25335-6FD2-4689-B569-B6A3E5A7F11B}.Debug|Any CPU.Build.0 = Debug|Any CPU
		{1EC25335-6FD2-4689-B569-B6A3E5A7F11B}.Release|Any CPU.ActiveCfg = Release|Any CPU
		{1EC25335-6FD2-4689-B569-B6A3E5A7F11B}.Release|Any CPU.Build.0 = Release|Any CPU
		{EE9BDC82-7255-433F-859B-704DE6C3CB67}.Debug|Any CPU.ActiveCfg = Debug|Any CPU
		{EE9BDC82-7255-433F-859B-704DE6C3CB67}.Debug|Any CPU.Build.0 = Debug|Any CPU
		{EE9BDC82-7255-433F-859B-704DE6C3CB67}.Release|Any CPU.ActiveCfg = Release|Any CPU
		{EE9BDC82-7255-433F-859B-704DE6C3CB67}.Release|Any CPU.Build.0 = Release|Any CPU
	EndGlobalSection
	GlobalSection(SolutionProperties) = preSolution
		HideSolutionNode = FALSE
	EndGlobalSection
	GlobalSection(ExtensibilityGlobals) = postSolution
		SolutionGuid = {6D2D6269-9DF3-4C60-A0D7-66061C77018F}
	EndGlobalSection
EndGlobal
